// !$*UTF8*$!
{
	archiveVersion = 1;
	classes = {
	};
	objectVersion = 55;
	objects = {

/* Begin PBXBuildFile section */
		FF3DCAE22899461200A65482 /* AppDelegate.swift in Sources */ = {isa = PBXBuildFile; fileRef = FF3DCAE12899461200A65482 /* AppDelegate.swift */; };
		FF3DCAE42899461200A65482 /* SceneDelegate.swift in Sources */ = {isa = PBXBuildFile; fileRef = FF3DCAE32899461200A65482 /* SceneDelegate.swift */; };
		FF3DCAE62899461200A65482 /* ViewController.swift in Sources */ = {isa = PBXBuildFile; fileRef = FF3DCAE52899461200A65482 /* ViewController.swift */; };
		FF3DCAE92899461200A65482 /* Main.storyboard in Resources */ = {isa = PBXBuildFile; fileRef = FF3DCAE72899461200A65482 /* Main.storyboard */; };
		FF3DCAEC2899461200A65482 /* ToDoList2022.xcdatamodeld in Sources */ = {isa = PBXBuildFile; fileRef = FF3DCAEA2899461200A65482 /* ToDoList2022.xcdatamodeld */; };
		FF3DCAEE2899461600A65482 /* Assets.xcassets in Resources */ = {isa = PBXBuildFile; fileRef = FF3DCAED2899461600A65482 /* Assets.xcassets */; };
		FF3DCAF12899461600A65482 /* LaunchScreen.storyboard in Resources */ = {isa = PBXBuildFile; fileRef = FF3DCAEF2899461600A65482 /* LaunchScreen.storyboard */; };
		FF3DCAFC2899461600A65482 /* ToDoList2022Tests.swift in Sources */ = {isa = PBXBuildFile; fileRef = FF3DCAFB2899461600A65482 /* ToDoList2022Tests.swift */; };
		FF3DCB062899461600A65482 /* ToDoList2022UITests.swift in Sources */ = {isa = PBXBuildFile; fileRef = FF3DCB052899461600A65482 /* ToDoList2022UITests.swift */; };
		FF3DCB082899461600A65482 /* ToDoList2022UITestsLaunchTests.swift in Sources */ = {isa = PBXBuildFile; fileRef = FF3DCB072899461600A65482 /* ToDoList2022UITestsLaunchTests.swift */; };
/* End PBXBuildFile section */

/* Begin PBXContainerItemProxy section */
		FF3DCAF82899461600A65482 /* PBXContainerItemProxy */ = {
			isa = PBXContainerItemProxy;
			containerPortal = FF3DCAD62899461100A65482 /* Project object */;
			proxyType = 1;
			remoteGlobalIDString = FF3DCADD2899461200A65482;
			remoteInfo = ToDoList2022;
		};
		FF3DCB022899461600A65482 /* PBXContainerItemProxy */ = {
			isa = PBXContainerItemProxy;
			containerPortal = FF3DCAD62899461100A65482 /* Project object */;
			proxyType = 1;
			remoteGlobalIDString = FF3DCADD2899461200A65482;
			remoteInfo = ToDoList2022;
		};
/* End PBXContainerItemProxy section */

/* Begin PBXFileReference section */
		FF3DCADE2899461200A65482 /* ToDoList2022.app */ = {isa = PBXFileReference; explicitFileType = wrapper.application; includeInIndex = 0; path = ToDoList2022.app; sourceTree = BUILT_PRODUCTS_DIR; };
		FF3DCAE12899461200A65482 /* AppDelegate.swift */ = {isa = PBXFileReference; lastKnownFileType = sourcecode.swift; path = AppDelegate.swift; sourceTree = "<group>"; };
		FF3DCAE32899461200A65482 /* SceneDelegate.swift */ = {isa = PBXFileReference; lastKnownFileType = sourcecode.swift; path = SceneDelegate.swift; sourceTree = "<group>"; };
		FF3DCAE52899461200A65482 /* ViewController.swift */ = {isa = PBXFileReference; lastKnownFileType = sourcecode.swift; path = ViewController.swift; sourceTree = "<group>"; };
		FF3DCAE82899461200A65482 /* Base */ = {isa = PBXFileReference; lastKnownFileType = file.storyboard; name = Base; path = Base.lproj/Main.storyboard; sourceTree = "<group>"; };
		FF3DCAEB2899461200A65482 /* ToDoList2022.xcdatamodel */ = {isa = PBXFileReference; lastKnownFileType = wrapper.xcdatamodel; path = ToDoList2022.xcdatamodel; sourceTree = "<group>"; };
		FF3DCAED2899461600A65482 /* Assets.xcassets */ = {isa = PBXFileReference; lastKnownFileType = folder.assetcatalog; path = Assets.xcassets; sourceTree = "<group>"; };
		FF3DCAF02899461600A65482 /* Base */ = {isa = PBXFileReference; lastKnownFileType = file.storyboard; name = Base; path = Base.lproj/LaunchScreen.storyboard; sourceTree = "<group>"; };
		FF3DCAF22899461600A65482 /* Info.plist */ = {isa = PBXFileReference; lastKnownFileType = text.plist.xml; path = Info.plist; sourceTree = "<group>"; };
		FF3DCAF72899461600A65482 /* ToDoList2022Tests.xctest */ = {isa = PBXFileReference; explicitFileType = wrapper.cfbundle; includeInIndex = 0; path = ToDoList2022Tests.xctest; sourceTree = BUILT_PRODUCTS_DIR; };
		FF3DCAFB2899461600A65482 /* ToDoList2022Tests.swift */ = {isa = PBXFileReference; lastKnownFileType = sourcecode.swift; path = ToDoList2022Tests.swift; sourceTree = "<group>"; };
		FF3DCB012899461600A65482 /* ToDoList2022UITests.xctest */ = {isa = PBXFileReference; explicitFileType = wrapper.cfbundle; includeInIndex = 0; path = ToDoList2022UITests.xctest; sourceTree = BUILT_PRODUCTS_DIR; };
		FF3DCB052899461600A65482 /* ToDoList2022UITests.swift */ = {isa = PBXFileReference; lastKnownFileType = sourcecode.swift; path = ToDoList2022UITests.swift; sourceTree = "<group>"; };
		FF3DCB072899461600A65482 /* ToDoList2022UITestsLaunchTests.swift */ = {isa = PBXFileReference; lastKnownFileType = sourcecode.swift; path = ToDoList2022UITestsLaunchTests.swift; sourceTree = "<group>"; };
/* End PBXFileReference section */

/* Begin PBXFrameworksBuildPhase section */
		FF3DCADB2899461200A65482 /* Frameworks */ = {
			isa = PBXFrameworksBuildPhase;
			buildActionMask = 2147483647;
			files = (
			);
			runOnlyForDeploymentPostprocessing = 0;
		};
		FF3DCAF42899461600A65482 /* Frameworks */ = {
			isa = PBXFrameworksBuildPhase;
			buildActionMask = 2147483647;
			files = (
			);
			runOnlyForDeploymentPostprocessing = 0;
		};
		FF3DCAFE2899461600A65482 /* Frameworks */ = {
			isa = PBXFrameworksBuildPhase;
			buildActionMask = 2147483647;
			files = (
			);
			runOnlyForDeploymentPostprocessing = 0;
		};
/* End PBXFrameworksBuildPhase section */

/* Begin PBXGroup section */
		FF3DCAD52899461100A65482 = {
			isa = PBXGroup;
			children = (
				FF3DCAE02899461200A65482 /* ToDoList2022 */,
				FF3DCAFA2899461600A65482 /* ToDoList2022Tests */,
				FF3DCB042899461600A65482 /* ToDoList2022UITests */,
				FF3DCADF2899461200A65482 /* Products */,
			);
			sourceTree = "<group>";
		};
		FF3DCADF2899461200A65482 /* Products */ = {
			isa = PBXGroup;
			children = (
				FF3DCADE2899461200A65482 /* ToDoList2022.app */,
				FF3DCAF72899461600A65482 /* ToDoList2022Tests.xctest */,
				FF3DCB012899461600A65482 /* ToDoList2022UITests.xctest */,
			);
			name = Products;
			sourceTree = "<group>";
		};
		FF3DCAE02899461200A65482 /* ToDoList2022 */ = {
			isa = PBXGroup;
			children = (
				FF3DCAE12899461200A65482 /* AppDelegate.swift */,
				FF3DCAE32899461200A65482 /* SceneDelegate.swift */,
				FF3DCAE52899461200A65482 /* ViewController.swift */,
				FF3DCAE72899461200A65482 /* Main.storyboard */,
				FF3DCAED2899461600A65482 /* Assets.xcassets */,
				FF3DCAEF2899461600A65482 /* LaunchScreen.storyboard */,
				FF3DCAF22899461600A65482 /* Info.plist */,
				FF3DCAEA2899461200A65482 /* ToDoList2022.xcdatamodeld */,
			);
			path = ToDoList2022;
			sourceTree = "<group>";
		};
		FF3DCAFA2899461600A65482 /* ToDoList2022Tests */ = {
			isa = PBXGroup;
			children = (
				FF3DCAFB2899461600A65482 /* ToDoList2022Tests.swift */,
			);
			path = ToDoList2022Tests;
			sourceTree = "<group>";
		};
		FF3DCB042899461600A65482 /* ToDoList2022UITests */ = {
			isa = PBXGroup;
			children = (
				FF3DCB052899461600A65482 /* ToDoList2022UITests.swift */,
				FF3DCB072899461600A65482 /* ToDoList2022UITestsLaunchTests.swift */,
			);
			path = ToDoList2022UITests;
			sourceTree = "<group>";
		};
/* End PBXGroup section */

/* Begin PBXNativeTarget section */
		FF3DCADD2899461200A65482 /* ToDoList2022 */ = {
			isa = PBXNativeTarget;
			buildConfigurationList = FF3DCB0B2899461600A65482 /* Build configuration list for PBXNativeTarget "ToDoList2022" */;
			buildPhases = (
				FF3DCADA2899461200A65482 /* Sources */,
				FF3DCADB2899461200A65482 /* Frameworks */,
				FF3DCADC2899461200A65482 /* Resources */,
			);
			buildRules = (
			);
			dependencies = (
			);
			name = ToDoList2022;
			productName = ToDoList2022;
			productReference = FF3DCADE2899461200A65482 /* ToDoList2022.app */;
			productType = "com.apple.product-type.application";
		};
		FF3DCAF62899461600A65482 /* ToDoList2022Tests */ = {
			isa = PBXNativeTarget;
			buildConfigurationList = FF3DCB0E2899461600A65482 /* Build configuration list for PBXNativeTarget "ToDoList2022Tests" */;
			buildPhases = (
				FF3DCAF32899461600A65482 /* Sources */,
				FF3DCAF42899461600A65482 /* Frameworks */,
				FF3DCAF52899461600A65482 /* Resources */,
			);
			buildRules = (
			);
			dependencies = (
				FF3DCAF92899461600A65482 /* PBXTargetDependency */,
			);
			name = ToDoList2022Tests;
			productName = ToDoList2022Tests;
			productReference = FF3DCAF72899461600A65482 /* ToDoList2022Tests.xctest */;
			productType = "com.apple.product-type.bundle.unit-test";
		};
		FF3DCB002899461600A65482 /* ToDoList2022UITests */ = {
			isa = PBXNativeTarget;
			buildConfigurationList = FF3DCB112899461600A65482 /* Build configuration list for PBXNativeTarget "ToDoList2022UITests" */;
			buildPhases = (
				FF3DCAFD2899461600A65482 /* Sources */,
				FF3DCAFE2899461600A65482 /* Frameworks */,
				FF3DCAFF2899461600A65482 /* Resources */,
			);
			buildRules = (
			);
			dependencies = (
				FF3DCB032899461600A65482 /* PBXTargetDependency */,
			);
			name = ToDoList2022UITests;
			productName = ToDoList2022UITests;
			productReference = FF3DCB012899461600A65482 /* ToDoList2022UITests.xctest */;
			productType = "com.apple.product-type.bundle.ui-testing";
		};
/* End PBXNativeTarget section */

/* Begin PBXProject section */
		FF3DCAD62899461100A65482 /* Project object */ = {
			isa = PBXProject;
			attributes = {
				BuildIndependentTargetsInParallel = 1;
				LastSwiftUpdateCheck = 1340;
				LastUpgradeCheck = 1340;
				TargetAttributes = {
					FF3DCADD2899461200A65482 = {
						CreatedOnToolsVersion = 13.4;
					};
					FF3DCAF62899461600A65482 = {
						CreatedOnToolsVersion = 13.4;
						TestTargetID = FF3DCADD2899461200A65482;
					};
					FF3DCB002899461600A65482 = {
						CreatedOnToolsVersion = 13.4;
						TestTargetID = FF3DCADD2899461200A65482;
					};
				};
			};
			buildConfigurationList = FF3DCAD92899461100A65482 /* Build configuration list for PBXProject "ToDoList2022" */;
			compatibilityVersion = "Xcode 13.0";
			developmentRegion = en;
			hasScannedForEncodings = 0;
			knownRegions = (
				en,
				Base,
			);
			mainGroup = FF3DCAD52899461100A65482;
			productRefGroup = FF3DCADF2899461200A65482 /* Products */;
			projectDirPath = "";
			projectRoot = "";
			targets = (
				FF3DCADD2899461200A65482 /* ToDoList2022 */,
				FF3DCAF62899461600A65482 /* ToDoList2022Tests */,
				FF3DCB002899461600A65482 /* ToDoList2022UITests */,
			);
		};
/* End PBXProject section */

/* Begin PBXResourcesBuildPhase section */
		FF3DCADC2899461200A65482 /* Resources */ = {
			isa = PBXResourcesBuildPhase;
			buildActionMask = 2147483647;
			files = (
				FF3DCAF12899461600A65482 /* LaunchScreen.storyboard in Resources */,
				FF3DCAEE2899461600A65482 /* Assets.xcassets in Resources */,
				FF3DCAE92899461200A65482 /* Main.storyboard in Resources */,
			);
			runOnlyForDeploymentPostprocessing = 0;
		};
		FF3DCAF52899461600A65482 /* Resources */ = {
			isa = PBXResourcesBuildPhase;
			buildActionMask = 2147483647;
			files = (
			);
			runOnlyForDeploymentPostprocessing = 0;
		};
		FF3DCAFF2899461600A65482 /* Resources */ = {
			isa = PBXResourcesBuildPhase;
			buildActionMask = 2147483647;
			files = (
			);
			runOnlyForDeploymentPostprocessing = 0;
		};
/* End PBXResourcesBuildPhase section */

/* Begin PBXSourcesBuildPhase section */
		FF3DCADA2899461200A65482 /* Sources */ = {
			isa = PBXSourcesBuildPhase;
			buildActionMask = 2147483647;
			files = (
				FF3DCAE62899461200A65482 /* ViewController.swift in Sources */,
				FF3DCAEC2899461200A65482 /* ToDoList2022.xcdatamodeld in Sources */,
				FF3DCAE22899461200A65482 /* AppDelegate.swift in Sources */,
				FF3DCAE42899461200A65482 /* SceneDelegate.swift in Sources */,
			);
			runOnlyForDeploymentPostprocessing = 0;
		};
		FF3DCAF32899461600A65482 /* Sources */ = {
			isa = PBXSourcesBuildPhase;
			buildActionMask = 2147483647;
			files = (
				FF3DCAFC2899461600A65482 /* ToDoList2022Tests.swift in Sources */,
			);
			runOnlyForDeploymentPostprocessing = 0;
		};
		FF3DCAFD2899461600A65482 /* Sources */ = {
			isa = PBXSourcesBuildPhase;
			buildActionMask = 2147483647;
			files = (
				FF3DCB082899461600A65482 /* ToDoList2022UITestsLaunchTests.swift in Sources */,
				FF3DCB062899461600A65482 /* ToDoList2022UITests.swift in Sources */,
			);
			runOnlyForDeploymentPostprocessing = 0;
		};
/* End PBXSourcesBuildPhase section */

/* Begin PBXTargetDependency section */
		FF3DCAF92899461600A65482 /* PBXTargetDependency */ = {
			isa = PBXTargetDependency;
			target = FF3DCADD2899461200A65482 /* ToDoList2022 */;
			targetProxy = FF3DCAF82899461600A65482 /* PBXContainerItemProxy */;
		};
		FF3DCB032899461600A65482 /* PBXTargetDependency */ = {
			isa = PBXTargetDependency;
			target = FF3DCADD2899461200A65482 /* ToDoList2022 */;
			targetProxy = FF3DCB022899461600A65482 /* PBXContainerItemProxy */;
		};
/* End PBXTargetDependency section */

/* Begin PBXVariantGroup section */
		FF3DCAE72899461200A65482 /* Main.storyboard */ = {
			isa = PBXVariantGroup;
			children = (
				FF3DCAE82899461200A65482 /* Base */,
			);
			name = Main.storyboard;
			sourceTree = "<group>";
		};
		FF3DCAEF2899461600A65482 /* LaunchScreen.storyboard */ = {
			isa = PBXVariantGroup;
			children = (
				FF3DCAF02899461600A65482 /* Base */,
			);
			name = LaunchScreen.storyboard;
			sourceTree = "<group>";
		};
/* End PBXVariantGroup section */

/* Begin XCBuildConfiguration section */
		FF3DCB092899461600A65482 /* Debug */ = {
			isa = XCBuildConfiguration;
			buildSettings = {
				ALWAYS_SEARCH_USER_PATHS = NO;
				CLANG_ANALYZER_NONNULL = YES;
				CLANG_ANALYZER_NUMBER_OBJECT_CONVERSION = YES_AGGRESSIVE;
				CLANG_CXX_LANGUAGE_STANDARD = "gnu++17";
				CLANG_ENABLE_MODULES = YES;
				CLANG_ENABLE_OBJC_ARC = YES;
				CLANG_ENABLE_OBJC_WEAK = YES;
				CLANG_WARN_BLOCK_CAPTURE_AUTORELEASING = YES;
				CLANG_WARN_BOOL_CONVERSION = YES;
				CLANG_WARN_COMMA = YES;
				CLANG_WARN_CONSTANT_CONVERSION = YES;
				CLANG_WARN_DEPRECATED_OBJC_IMPLEMENTATIONS = YES;
				CLANG_WARN_DIRECT_OBJC_ISA_USAGE = YES_ERROR;
				CLANG_WARN_DOCUMENTATION_COMMENTS = YES;
				CLANG_WARN_EMPTY_BODY = YES;
				CLANG_WARN_ENUM_CONVERSION = YES;
				CLANG_WARN_INFINITE_RECURSION = YES;
				CLANG_WARN_INT_CONVERSION = YES;
				CLANG_WARN_NON_LITERAL_NULL_CONVERSION = YES;
				CLANG_WARN_OBJC_IMPLICIT_RETAIN_SELF = YES;
				CLANG_WARN_OBJC_LITERAL_CONVERSION = YES;
				CLANG_WARN_OBJC_ROOT_CLASS = YES_ERROR;
				CLANG_WARN_QUOTED_INCLUDE_IN_FRAMEWORK_HEADER = YES;
				CLANG_WARN_RANGE_LOOP_ANALYSIS = YES;
				CLANG_WARN_STRICT_PROTOTYPES = YES;
				CLANG_WARN_SUSPICIOUS_MOVE = YES;
				CLANG_WARN_UNGUARDED_AVAILABILITY = YES_AGGRESSIVE;
				CLANG_WARN_UNREACHABLE_CODE = YES;
				CLANG_WARN__DUPLICATE_METHOD_MATCH = YES;
				COPY_PHASE_STRIP = NO;
				DEBUG_INFORMATION_FORMAT = dwarf;
				ENABLE_STRICT_OBJC_MSGSEND = YES;
				ENABLE_TESTABILITY = YES;
				GCC_C_LANGUAGE_STANDARD = gnu11;
				GCC_DYNAMIC_NO_PIC = NO;
				GCC_NO_COMMON_BLOCKS = YES;
				GCC_OPTIMIZATION_LEVEL = 0;
				GCC_PREPROCESSOR_DEFINITIONS = (
					"DEBUG=1",
					"$(inherited)",
				);
				GCC_WARN_64_TO_32_BIT_CONVERSION = YES;
				GCC_WARN_ABOUT_RETURN_TYPE = YES_ERROR;
				GCC_WARN_UNDECLARED_SELECTOR = YES;
				GCC_WARN_UNINITIALIZED_AUTOS = YES_AGGRESSIVE;
				GCC_WARN_UNUSED_FUNCTION = YES;
				GCC_WARN_UNUSED_VARIABLE = YES;
				IPHONEOS_DEPLOYMENT_TARGET = 15.5;
				MTL_ENABLE_DEBUG_INFO = INCLUDE_SOURCE;
				MTL_FAST_MATH = YES;
				ONLY_ACTIVE_ARCH = YES;
				SDKROOT = iphoneos;
				SWIFT_ACTIVE_COMPILATION_CONDITIONS = DEBUG;
				SWIFT_OPTIMIZATION_LEVEL = "-Onone";
			};
			name = Debug;
		};
		FF3DCB0A2899461600A65482 /* Release */ = {
			isa = XCBuildConfiguration;
			buildSettings = {
				ALWAYS_SEARCH_USER_PATHS = NO;
				CLANG_ANALYZER_NONNULL = YES;
				CLANG_ANALYZER_NUMBER_OBJECT_CONVERSION = YES_AGGRESSIVE;
				CLANG_CXX_LANGUAGE_STANDARD = "gnu++17";
				CLANG_ENABLE_MODULES = YES;
				CLANG_ENABLE_OBJC_ARC = YES;
				CLANG_ENABLE_OBJC_WEAK = YES;
				CLANG_WARN_BLOCK_CAPTURE_AUTORELEASING = YES;
				CLANG_WARN_BOOL_CONVERSION = YES;
				CLANG_WARN_COMMA = YES;
				CLANG_WARN_CONSTANT_CONVERSION = YES;
				CLANG_WARN_DEPRECATED_OBJC_IMPLEMENTATIONS = YES;
				CLANG_WARN_DIRECT_OBJC_ISA_USAGE = YES_ERROR;
				CLANG_WARN_DOCUMENTATION_COMMENTS = YES;
				CLANG_WARN_EMPTY_BODY = YES;
				CLANG_WARN_ENUM_CONVERSION = YES;
				CLANG_WARN_INFINITE_RECURSION = YES;
				CLANG_WARN_INT_CONVERSION = YES;
				CLANG_WARN_NON_LITERAL_NULL_CONVERSION = YES;
				CLANG_WARN_OBJC_IMPLICIT_RETAIN_SELF = YES;
				CLANG_WARN_OBJC_LITERAL_CONVERSION = YES;
				CLANG_WARN_OBJC_ROOT_CLASS = YES_ERROR;
				CLANG_WARN_QUOTED_INCLUDE_IN_FRAMEWORK_HEADER = YES;
				CLANG_WARN_RANGE_LOOP_ANALYSIS = YES;
				CLANG_WARN_STRICT_PROTOTYPES = YES;
				CLANG_WARN_SUSPICIOUS_MOVE = YES;
				CLANG_WARN_UNGUARDED_AVAILABILITY = YES_AGGRESSIVE;
				CLANG_WARN_UNREACHABLE_CODE = YES;
				CLANG_WARN__DUPLICATE_METHOD_MATCH = YES;
				COPY_PHASE_STRIP = NO;
				DEBUG_INFORMATION_FORMAT = "dwarf-with-dsym";
				ENABLE_NS_ASSERTIONS = NO;
				ENABLE_STRICT_OBJC_MSGSEND = YES;
				GCC_C_LANGUAGE_STANDARD = gnu11;
				GCC_NO_COMMON_BLOCKS = YES;
				GCC_WARN_64_TO_32_BIT_CONVERSION = YES;
				GCC_WARN_ABOUT_RETURN_TYPE = YES_ERROR;
				GCC_WARN_UNDECLARED_SELECTOR = YES;
				GCC_WARN_UNINITIALIZED_AUTOS = YES_AGGRESSIVE;
				GCC_WARN_UNUSED_FUNCTION = YES;
				GCC_WARN_UNUSED_VARIABLE = YES;
				IPHONEOS_DEPLOYMENT_TARGET = 15.5;
				MTL_ENABLE_DEBUG_INFO = NO;
				MTL_FAST_MATH = YES;
				SDKROOT = iphoneos;
				SWIFT_COMPILATION_MODE = wholemodule;
				SWIFT_OPTIMIZATION_LEVEL = "-O";
				VALIDATE_PRODUCT = YES;
			};
			name = Release;
		};
		FF3DCB0C2899461600A65482 /* Debug */ = {
			isa = XCBuildConfiguration;
			buildSettings = {
				ASSETCATALOG_COMPILER_APPICON_NAME = AppIcon;
				ASSETCATALOG_COMPILER_GLOBAL_ACCENT_COLOR_NAME = AccentColor;
				CODE_SIGN_STYLE = Automatic;
				CURRENT_PROJECT_VERSION = 1;
				GENERATE_INFOPLIST_FILE = YES;
				INFOPLIST_FILE = ToDoList2022/Info.plist;
				INFOPLIST_KEY_UIApplicationSupportsIndirectInputEvents = YES;
				INFOPLIST_KEY_UILaunchStoryboardName = LaunchScreen;
				INFOPLIST_KEY_UIMainStoryboardFile = Main;
				INFOPLIST_KEY_UISupportedInterfaceOrientations_iPad = "UIInterfaceOrientationPortrait UIInterfaceOrientationPortraitUpsideDown UIInterfaceOrientationLandscapeLeft UIInterfaceOrientationLandscapeRight";
				INFOPLIST_KEY_UISupportedInterfaceOrientations_iPhone = "UIInterfaceOrientationPortrait UIInterfaceOrientationLandscapeLeft UIInterfaceOrientationLandscapeRight";
				LD_RUNPATH_SEARCH_PATHS = (
					"$(inherited)",
					"@executable_path/Frameworks",
				);
				MARKETING_VERSION = 1.0;
				PRODUCT_BUNDLE_IDENTIFIER = KWK.ToDoList2022;
				PRODUCT_NAME = "$(TARGET_NAME)";
				SWIFT_EMIT_LOC_STRINGS = YES;
				SWIFT_VERSION = 5.0;
				TARGETED_DEVICE_FAMILY = "1,2";
			};
			name = Debug;
		};
		FF3DCB0D2899461600A65482 /* Release */ = {
			isa = XCBuildConfiguration;
			buildSettings = {
				ASSETCATALOG_COMPILER_APPICON_NAME = AppIcon;
				ASSETCATALOG_COMPILER_GLOBAL_ACCENT_COLOR_NAME = AccentColor;
				CODE_SIGN_STYLE = Automatic;
				CURRENT_PROJECT_VERSION = 1;
				GENERATE_INFOPLIST_FILE = YES;
				INFOPLIST_FILE = ToDoList2022/Info.plist;
				INFOPLIST_KEY_UIApplicationSupportsIndirectInputEvents = YES;
				INFOPLIST_KEY_UILaunchStoryboardName = LaunchScreen;
				INFOPLIST_KEY_UIMainStoryboardFile = Main;
				INFOPLIST_KEY_UISupportedInterfaceOrientations_iPad = "UIInterfaceOrientationPortrait UIInterfaceOrientationPortraitUpsideDown UIInterfaceOrientationLandscapeLeft UIInterfaceOrientationLandscapeRight";
				INFOPLIST_KEY_UISupportedInterfaceOrientations_iPhone = "UIInterfaceOrientationPortrait UIInterfaceOrientationLandscapeLeft UIInterfaceOrientationLandscapeRight";
				LD_RUNPATH_SEARCH_PATHS = (
					"$(inherited)",
					"@executable_path/Frameworks",
				);
				MARKETING_VERSION = 1.0;
				PRODUCT_BUNDLE_IDENTIFIER = KWK.ToDoList2022;
				PRODUCT_NAME = "$(TARGET_NAME)";
				SWIFT_EMIT_LOC_STRINGS = YES;
				SWIFT_VERSION = 5.0;
				TARGETED_DEVICE_FAMILY = "1,2";
			};
			name = Release;
		};
		FF3DCB0F2899461600A65482 /* Debug */ = {
			isa = XCBuildConfiguration;
			buildSettings = {
				ALWAYS_EMBED_SWIFT_STANDARD_LIBRARIES = YES;
				BUNDLE_LOADER = "$(TEST_HOST)";
				CODE_SIGN_STYLE = Automatic;
				CURRENT_PROJECT_VERSION = 1;
				GENERATE_INFOPLIST_FILE = YES;
				IPHONEOS_DEPLOYMENT_TARGET = 15.5;
				MARKETING_VERSION = 1.0;
				PRODUCT_BUNDLE_IDENTIFIER = KWK.ToDoList2022Tests;
				PRODUCT_NAME = "$(TARGET_NAME)";
				SWIFT_EMIT_LOC_STRINGS = NO;
				SWIFT_VERSION = 5.0;
				TARGETED_DEVICE_FAMILY = "1,2";
				TEST_HOST = "$(BUILT_PRODUCTS_DIR)/ToDoList2022.app/ToDoList2022";
			};
			name = Debug;
		};
		FF3DCB102899461600A65482 /* Release */ = {
			isa = XCBuildConfiguration;
			buildSettings = {
				ALWAYS_EMBED_SWIFT_STANDARD_LIBRARIES = YES;
				BUNDLE_LOADER = "$(TEST_HOST)";
				CODE_SIGN_STYLE = Automatic;
				CURRENT_PROJECT_VERSION = 1;
				GENERATE_INFOPLIST_FILE = YES;
				IPHONEOS_DEPLOYMENT_TARGET = 15.5;
				MARKETING_VERSION = 1.0;
				PRODUCT_BUNDLE_IDENTIFIER = KWK.ToDoList2022Tests;
				PRODUCT_NAME = "$(TARGET_NAME)";
				SWIFT_EMIT_LOC_STRINGS = NO;
				SWIFT_VERSION = 5.0;
				TARGETED_DEVICE_FAMILY = "1,2";
				TEST_HOST = "$(BUILT_PRODUCTS_DIR)/ToDoList2022.app/ToDoList2022";
			};
			name = Release;
		};
		FF3DCB122899461600A65482 /* Debug */ = {
			isa = XCBuildConfiguration;
			buildSettings = {
				ALWAYS_EMBED_SWIFT_STANDARD_LIBRARIES = YES;
				CODE_SIGN_STYLE = Automatic;
				CURRENT_PROJECT_VERSION = 1;
				GENERATE_INFOPLIST_FILE = YES;
				MARKETING_VERSION = 1.0;
				PRODUCT_BUNDLE_IDENTIFIER = KWK.ToDoList2022UITests;
				PRODUCT_NAME = "$(TARGET_NAME)";
				SWIFT_EMIT_LOC_STRINGS = NO;
				SWIFT_VERSION = 5.0;
				TARGETED_DEVICE_FAMILY = "1,2";
				TEST_TARGET_NAME = ToDoList2022;
			};
			name = Debug;
		};
		FF3DCB132899461600A65482 /* Release */ = {
			isa = XCBuildConfiguration;
			buildSettings = {
				ALWAYS_EMBED_SWIFT_STANDARD_LIBRARIES = YES;
				CODE_SIGN_STYLE = Automatic;
				CURRENT_PROJECT_VERSION = 1;
				GENERATE_INFOPLIST_FILE = YES;
				MARKETING_VERSION = 1.0;
				PRODUCT_BUNDLE_IDENTIFIER = KWK.ToDoList2022UITests;
				PRODUCT_NAME = "$(TARGET_NAME)";
				SWIFT_EMIT_LOC_STRINGS = NO;
				SWIFT_VERSION = 5.0;
				TARGETED_DEVICE_FAMILY = "1,2";
				TEST_TARGET_NAME = ToDoList2022;
			};
			name = Release;
		};
/* End XCBuildConfiguration section */

/* Begin XCConfigurationList section */
		FF3DCAD92899461100A65482 /* Build configuration list for PBXProject "ToDoList2022" */ = {
			isa = XCConfigurationList;
			buildConfigurations = (
				FF3DCB092899461600A65482 /* Debug */,
				FF3DCB0A2899461600A65482 /* Release */,
			);
			defaultConfigurationIsVisible = 0;
			defaultConfigurationName = Release;
		};
		FF3DCB0B2899461600A65482 /* Build configuration list for PBXNativeTarget "ToDoList2022" */ = {
			isa = XCConfigurationList;
			buildConfigurations = (
				FF3DCB0C2899461600A65482 /* Debug */,
				FF3DCB0D2899461600A65482 /* Release */,
			);
			defaultConfigurationIsVisible = 0;
			defaultConfigurationName = Release;
		};
		FF3DCB0E2899461600A65482 /* Build configuration list for PBXNativeTarget "ToDoList2022Tests" */ = {
			isa = XCConfigurationList;
			buildConfigurations = (
				FF3DCB0F2899461600A65482 /* Debug */,
				FF3DCB102899461600A65482 /* Release */,
			);
			defaultConfigurationIsVisible = 0;
			defaultConfigurationName = Release;
		};
		FF3DCB112899461600A65482 /* Build configuration list for PBXNativeTarget "ToDoList2022UITests" */ = {
			isa = XCConfigurationList;
			buildConfigurations = (
				FF3DCB122899461600A65482 /* Debug */,
				FF3DCB132899461600A65482 /* Release */,
			);
			defaultConfigurationIsVisible = 0;
			defaultConfigurationName = Release;
		};
/* End XCConfigurationList section */

/* Begin XCVersionGroup section */
		FF3DCAEA2899461200A65482 /* ToDoList2022.xcdatamodeld */ = {
			isa = XCVersionGroup;
			children = (
				FF3DCAEB2899461200A65482 /* ToDoList2022.xcdatamodel */,
			);
			currentVersion = FF3DCAEB2899461200A65482 /* ToDoList2022.xcdatamodel */;
			path = ToDoList2022.xcdatamodeld;
			sourceTree = "<group>";
			versionGroupType = wrapper.xcdatamodel;
		};
/* End XCVersionGroup section */
	};
	rootObject = FF3DCAD62899461100A65482 /* Project object */;
}
